// !$*UTF8*$!
{
	archiveVersion = 1;
	classes = {
	};
	objectVersion = 50;
	objects = {

/* Begin PBXBuildFile section */
		5A0AD8E5221CDD0C00E90E68 /* AppDelegate.swift in Sources */ = {isa = PBXBuildFile; fileRef = 5A0AD8E4221CDD0C00E90E68 /* AppDelegate.swift */; };
		5A0AD8E7221CDD0C00E90E68 /* ViewController.swift in Sources */ = {isa = PBXBuildFile; fileRef = 5A0AD8E6221CDD0C00E90E68 /* ViewController.swift */; };
		5A0AD8EA221CDD0C00E90E68 /* Main.storyboard in Resources */ = {isa = PBXBuildFile; fileRef = 5A0AD8E8221CDD0C00E90E68 /* Main.storyboard */; };
		5A0AD8EC221CDD1200E90E68 /* Assets.xcassets in Resources */ = {isa = PBXBuildFile; fileRef = 5A0AD8EB221CDD1200E90E68 /* Assets.xcassets */; };
		5A0AD8EF221CDD1200E90E68 /* LaunchScreen.storyboard in Resources */ = {isa = PBXBuildFile; fileRef = 5A0AD8ED221CDD1200E90E68 /* LaunchScreen.storyboard */; };
		5A0AD8FA221CDD1200E90E68 /* SpaceTraderIOSTests.swift in Sources */ = {isa = PBXBuildFile; fileRef = 5A0AD8F9221CDD1200E90E68 /* SpaceTraderIOSTests.swift */; };
		5A0AD905221CDF9000E90E68 /* Colors.swift in Sources */ = {isa = PBXBuildFile; fileRef = 5A0AD904221CDF9000E90E68 /* Colors.swift */; };
		5A0AD907221CE55900E90E68 /* PlayerConfigVC.swift in Sources */ = {isa = PBXBuildFile; fileRef = 5A0AD906221CE55900E90E68 /* PlayerConfigVC.swift */; };
		5A0AD909221D493300E90E68 /* Player.swift in Sources */ = {isa = PBXBuildFile; fileRef = 5A0AD908221D493300E90E68 /* Player.swift */; };
		5A0AD90B221E706400E90E68 /* SolarSystem.swift in Sources */ = {isa = PBXBuildFile; fileRef = 5A0AD90A221E706400E90E68 /* SolarSystem.swift */; };
		5A0AD90D221E706F00E90E68 /* Planet.swift in Sources */ = {isa = PBXBuildFile; fileRef = 5A0AD90C221E706F00E90E68 /* Planet.swift */; };
		5A0AD90F221E745600E90E68 /* Universe.swift in Sources */ = {isa = PBXBuildFile; fileRef = 5A0AD90E221E745600E90E68 /* Universe.swift */; };
		5A0AD911221E91FE00E90E68 /* Constants.json in Resources */ = {isa = PBXBuildFile; fileRef = 5A0AD910221E91FE00E90E68 /* Constants.json */; };
		5A0AD913221F280500E90E68 /* Coordinates.swift in Sources */ = {isa = PBXBuildFile; fileRef = 5A0AD912221F280500E90E68 /* Coordinates.swift */; };
		5A0AD91722222A5600E90E68 /* UIKitExtensions.swift in Sources */ = {isa = PBXBuildFile; fileRef = 5A0AD91622222A5600E90E68 /* UIKitExtensions.swift */; };
		5A0AD91922222B6300E90E68 /* SeededGenerator.swift in Sources */ = {isa = PBXBuildFile; fileRef = 5A0AD91822222B6300E90E68 /* SeededGenerator.swift */; };
		5AF5B14E2229764700715AA6 /* UniverseGenerator.swift in Sources */ = {isa = PBXBuildFile; fileRef = 5AF5B14D2229764700715AA6 /* UniverseGenerator.swift */; };
		5AF5B150222986BD00715AA6 /* PlanetVC.swift in Sources */ = {isa = PBXBuildFile; fileRef = 5AF5B14F222986BD00715AA6 /* PlanetVC.swift */; };
		5AF5B1522229BDA800715AA6 /* MarketVC.swift in Sources */ = {isa = PBXBuildFile; fileRef = 5AF5B1512229BDA800715AA6 /* MarketVC.swift */; };
		5AF5B158222A396B00715AA6 /* Market.swift in Sources */ = {isa = PBXBuildFile; fileRef = 5AF5B157222A396B00715AA6 /* Market.swift */; };
		5AF5B15A222A450300715AA6 /* ShipType.swift in Sources */ = {isa = PBXBuildFile; fileRef = 5AF5B159222A450300715AA6 /* ShipType.swift */; };
		5AF5B15C222A463100715AA6 /* Difficulty.swift in Sources */ = {isa = PBXBuildFile; fileRef = 5AF5B15B222A463100715AA6 /* Difficulty.swift */; };
		5AF5B15E222A467800715AA6 /* TechLevel.swift in Sources */ = {isa = PBXBuildFile; fileRef = 5AF5B15D222A467800715AA6 /* TechLevel.swift */; };
		5AF5B160222A482A00715AA6 /* ResourceType.swift in Sources */ = {isa = PBXBuildFile; fileRef = 5AF5B15F222A482A00715AA6 /* ResourceType.swift */; };
		5AF5B163222A536100715AA6 /* Event.swift in Sources */ = {isa = PBXBuildFile; fileRef = 5AF5B162222A536100715AA6 /* Event.swift */; };
		5AF5B165222A53B500715AA6 /* Condition.swift in Sources */ = {isa = PBXBuildFile; fileRef = 5AF5B164222A53B500715AA6 /* Condition.swift */; };
		5AF5B167222A5B1C00715AA6 /* Resource.swift in Sources */ = {isa = PBXBuildFile; fileRef = 5AF5B166222A5B1C00715AA6 /* Resource.swift */; };
		5AF5B169222A5E4300715AA6 /* Resources.swift in Sources */ = {isa = PBXBuildFile; fileRef = 5AF5B168222A5E4300715AA6 /* Resources.swift */; };
		5AF5B16B222C87B300715AA6 /* MarketGood.swift in Sources */ = {isa = PBXBuildFile; fileRef = 5AF5B16A222C87B300715AA6 /* MarketGood.swift */; };
		5AF5B16D222C8BED00715AA6 /* Ship.swift in Sources */ = {isa = PBXBuildFile; fileRef = 5AF5B16C222C8BED00715AA6 /* Ship.swift */; };
		5AF5B16F222CC38900715AA6 /* MarketFailure.swift in Sources */ = {isa = PBXBuildFile; fileRef = 5AF5B16E222CC38900715AA6 /* MarketFailure.swift */; };
/* End PBXBuildFile section */

/* Begin PBXContainerItemProxy section */
		5A0AD8F6221CDD1200E90E68 /* PBXContainerItemProxy */ = {
			isa = PBXContainerItemProxy;
			containerPortal = 5A0AD8D9221CDD0C00E90E68 /* Project object */;
			proxyType = 1;
			remoteGlobalIDString = 5A0AD8E0221CDD0C00E90E68;
			remoteInfo = SpaceTraderIOS;
		};
/* End PBXContainerItemProxy section */

/* Begin PBXFileReference section */
		5A0AD8E1221CDD0C00E90E68 /* SpaceTraderIOS.app */ = {isa = PBXFileReference; explicitFileType = wrapper.application; includeInIndex = 0; path = SpaceTraderIOS.app; sourceTree = BUILT_PRODUCTS_DIR; };
		5A0AD8E4221CDD0C00E90E68 /* AppDelegate.swift */ = {isa = PBXFileReference; lastKnownFileType = sourcecode.swift; path = AppDelegate.swift; sourceTree = "<group>"; };
		5A0AD8E6221CDD0C00E90E68 /* ViewController.swift */ = {isa = PBXFileReference; lastKnownFileType = sourcecode.swift; path = ViewController.swift; sourceTree = "<group>"; };
		5A0AD8E9221CDD0C00E90E68 /* Base */ = {isa = PBXFileReference; lastKnownFileType = file.storyboard; name = Base; path = Base.lproj/Main.storyboard; sourceTree = "<group>"; };
		5A0AD8EB221CDD1200E90E68 /* Assets.xcassets */ = {isa = PBXFileReference; lastKnownFileType = folder.assetcatalog; path = Assets.xcassets; sourceTree = "<group>"; };
		5A0AD8EE221CDD1200E90E68 /* Base */ = {isa = PBXFileReference; lastKnownFileType = file.storyboard; name = Base; path = Base.lproj/LaunchScreen.storyboard; sourceTree = "<group>"; };
		5A0AD8F0221CDD1200E90E68 /* Info.plist */ = {isa = PBXFileReference; lastKnownFileType = text.plist.xml; path = Info.plist; sourceTree = "<group>"; };
		5A0AD8F5221CDD1200E90E68 /* SpaceTraderIOSTests.xctest */ = {isa = PBXFileReference; explicitFileType = wrapper.cfbundle; includeInIndex = 0; path = SpaceTraderIOSTests.xctest; sourceTree = BUILT_PRODUCTS_DIR; };
		5A0AD8F9221CDD1200E90E68 /* SpaceTraderIOSTests.swift */ = {isa = PBXFileReference; lastKnownFileType = sourcecode.swift; path = SpaceTraderIOSTests.swift; sourceTree = "<group>"; };
		5A0AD8FB221CDD1200E90E68 /* Info.plist */ = {isa = PBXFileReference; lastKnownFileType = text.plist.xml; path = Info.plist; sourceTree = "<group>"; };
		5A0AD904221CDF9000E90E68 /* Colors.swift */ = {isa = PBXFileReference; lastKnownFileType = sourcecode.swift; path = Colors.swift; sourceTree = "<group>"; };
		5A0AD906221CE55900E90E68 /* PlayerConfigVC.swift */ = {isa = PBXFileReference; lastKnownFileType = sourcecode.swift; path = PlayerConfigVC.swift; sourceTree = "<group>"; };
		5A0AD908221D493300E90E68 /* Player.swift */ = {isa = PBXFileReference; lastKnownFileType = sourcecode.swift; path = Player.swift; sourceTree = "<group>"; };
		5A0AD90A221E706400E90E68 /* SolarSystem.swift */ = {isa = PBXFileReference; lastKnownFileType = sourcecode.swift; path = SolarSystem.swift; sourceTree = "<group>"; };
		5A0AD90C221E706F00E90E68 /* Planet.swift */ = {isa = PBXFileReference; lastKnownFileType = sourcecode.swift; path = Planet.swift; sourceTree = "<group>"; };
		5A0AD90E221E745600E90E68 /* Universe.swift */ = {isa = PBXFileReference; lastKnownFileType = sourcecode.swift; path = Universe.swift; sourceTree = "<group>"; };
		5A0AD910221E91FE00E90E68 /* Constants.json */ = {isa = PBXFileReference; lastKnownFileType = text.json; name = Constants.json; path = SpaceTraderIOS/Constants.json; sourceTree = "<group>"; };
		5A0AD912221F280500E90E68 /* Coordinates.swift */ = {isa = PBXFileReference; lastKnownFileType = sourcecode.swift; path = Coordinates.swift; sourceTree = "<group>"; };
		5A0AD91622222A5600E90E68 /* UIKitExtensions.swift */ = {isa = PBXFileReference; lastKnownFileType = sourcecode.swift; path = UIKitExtensions.swift; sourceTree = "<group>"; };
		5A0AD91822222B6300E90E68 /* SeededGenerator.swift */ = {isa = PBXFileReference; lastKnownFileType = sourcecode.swift; path = SeededGenerator.swift; sourceTree = "<group>"; };
		5AF5B14D2229764700715AA6 /* UniverseGenerator.swift */ = {isa = PBXFileReference; lastKnownFileType = sourcecode.swift; path = UniverseGenerator.swift; sourceTree = "<group>"; };
		5AF5B14F222986BD00715AA6 /* PlanetVC.swift */ = {isa = PBXFileReference; lastKnownFileType = sourcecode.swift; path = PlanetVC.swift; sourceTree = "<group>"; };
		5AF5B1512229BDA800715AA6 /* MarketVC.swift */ = {isa = PBXFileReference; lastKnownFileType = sourcecode.swift; path = MarketVC.swift; sourceTree = "<group>"; };
		5AF5B157222A396B00715AA6 /* Market.swift */ = {isa = PBXFileReference; lastKnownFileType = sourcecode.swift; path = Market.swift; sourceTree = "<group>"; };
		5AF5B159222A450300715AA6 /* ShipType.swift */ = {isa = PBXFileReference; lastKnownFileType = sourcecode.swift; path = ShipType.swift; sourceTree = "<group>"; };
		5AF5B15B222A463100715AA6 /* Difficulty.swift */ = {isa = PBXFileReference; lastKnownFileType = sourcecode.swift; path = Difficulty.swift; sourceTree = "<group>"; };
		5AF5B15D222A467800715AA6 /* TechLevel.swift */ = {isa = PBXFileReference; lastKnownFileType = sourcecode.swift; path = TechLevel.swift; sourceTree = "<group>"; };
		5AF5B15F222A482A00715AA6 /* ResourceType.swift */ = {isa = PBXFileReference; lastKnownFileType = sourcecode.swift; path = ResourceType.swift; sourceTree = "<group>"; };
		5AF5B162222A536100715AA6 /* Event.swift */ = {isa = PBXFileReference; lastKnownFileType = sourcecode.swift; path = Event.swift; sourceTree = "<group>"; };
		5AF5B164222A53B500715AA6 /* Condition.swift */ = {isa = PBXFileReference; lastKnownFileType = sourcecode.swift; path = Condition.swift; sourceTree = "<group>"; };
		5AF5B166222A5B1C00715AA6 /* Resource.swift */ = {isa = PBXFileReference; lastKnownFileType = sourcecode.swift; path = Resource.swift; sourceTree = "<group>"; };
		5AF5B168222A5E4300715AA6 /* Resources.swift */ = {isa = PBXFileReference; lastKnownFileType = sourcecode.swift; path = Resources.swift; sourceTree = "<group>"; };
		5AF5B16A222C87B300715AA6 /* MarketGood.swift */ = {isa = PBXFileReference; lastKnownFileType = sourcecode.swift; path = MarketGood.swift; sourceTree = "<group>"; };
		5AF5B16C222C8BED00715AA6 /* Ship.swift */ = {isa = PBXFileReference; lastKnownFileType = sourcecode.swift; path = Ship.swift; sourceTree = "<group>"; };
		5AF5B16E222CC38900715AA6 /* MarketFailure.swift */ = {isa = PBXFileReference; lastKnownFileType = sourcecode.swift; path = MarketFailure.swift; sourceTree = "<group>"; };
/* End PBXFileReference section */

/* Begin PBXFrameworksBuildPhase section */
		5A0AD8DE221CDD0C00E90E68 /* Frameworks */ = {
			isa = PBXFrameworksBuildPhase;
			buildActionMask = 2147483647;
			files = (
			);
			runOnlyForDeploymentPostprocessing = 0;
		};
		5A0AD8F2221CDD1200E90E68 /* Frameworks */ = {
			isa = PBXFrameworksBuildPhase;
			buildActionMask = 2147483647;
			files = (
			);
			runOnlyForDeploymentPostprocessing = 0;
		};
/* End PBXFrameworksBuildPhase section */

/* Begin PBXGroup section */
		5A0AD8D8221CDD0C00E90E68 = {
			isa = PBXGroup;
			children = (
				5A0AD910221E91FE00E90E68 /* Constants.json */,
				5A0AD8E3221CDD0C00E90E68 /* SpaceTraderIOS */,
				5A0AD8F8221CDD1200E90E68 /* SpaceTraderIOSTests */,
				5A0AD8E2221CDD0C00E90E68 /* Products */,
			);
			sourceTree = "<group>";
		};
		5A0AD8E2221CDD0C00E90E68 /* Products */ = {
			isa = PBXGroup;
			children = (
				5A0AD8E1221CDD0C00E90E68 /* SpaceTraderIOS.app */,
				5A0AD8F5221CDD1200E90E68 /* SpaceTraderIOSTests.xctest */,
			);
			name = Products;
			sourceTree = "<group>";
		};
		5A0AD8E3221CDD0C00E90E68 /* SpaceTraderIOS */ = {
			isa = PBXGroup;
			children = (
				5A0AD8E4221CDD0C00E90E68 /* AppDelegate.swift */,
				5AF5B1542229BE6100715AA6 /* Entities */,
				5AF5B156222A393E00715AA6 /* Model */,
				5AF5B155222A392E00715AA6 /* Other */,
				5A0AD8E8221CDD0C00E90E68 /* Main.storyboard */,
				5AF5B1532229BE0700715AA6 /* ViewControllers */,
				5A0AD8EB221CDD1200E90E68 /* Assets.xcassets */,
				5A0AD8ED221CDD1200E90E68 /* LaunchScreen.storyboard */,
				5A0AD8F0221CDD1200E90E68 /* Info.plist */,
			);
			path = SpaceTraderIOS;
			sourceTree = "<group>";
		};
		5A0AD8F8221CDD1200E90E68 /* SpaceTraderIOSTests */ = {
			isa = PBXGroup;
			children = (
				5A0AD8F9221CDD1200E90E68 /* SpaceTraderIOSTests.swift */,
				5A0AD8FB221CDD1200E90E68 /* Info.plist */,
			);
			path = SpaceTraderIOSTests;
			sourceTree = "<group>";
		};
		5AF5B1532229BE0700715AA6 /* ViewControllers */ = {
			isa = PBXGroup;
			children = (
				5A0AD8E6221CDD0C00E90E68 /* ViewController.swift */,
				5AF5B1512229BDA800715AA6 /* MarketVC.swift */,
				5A0AD906221CE55900E90E68 /* PlayerConfigVC.swift */,
				5AF5B14F222986BD00715AA6 /* PlanetVC.swift */,
			);
			path = ViewControllers;
			sourceTree = "<group>";
		};
		5AF5B1542229BE6100715AA6 /* Entities */ = {
			isa = PBXGroup;
			children = (
				5A0AD912221F280500E90E68 /* Coordinates.swift */,
				5A0AD90A221E706400E90E68 /* SolarSystem.swift */,
				5A0AD90C221E706F00E90E68 /* Planet.swift */,
				5A0AD90E221E745600E90E68 /* Universe.swift */,
				5A0AD908221D493300E90E68 /* Player.swift */,
				5AF5B166222A5B1C00715AA6 /* Resource.swift */,
				5AF5B16A222C87B300715AA6 /* MarketGood.swift */,
				5AF5B16C222C8BED00715AA6 /* Ship.swift */,
				5AF5B161222A4BC400715AA6 /* Enums */,
			);
			path = Entities;
			sourceTree = "<group>";
		};
		5AF5B155222A392E00715AA6 /* Other */ = {
			isa = PBXGroup;
			children = (
				5A0AD91822222B6300E90E68 /* SeededGenerator.swift */,
				5A0AD91622222A5600E90E68 /* UIKitExtensions.swift */,
				5A0AD904221CDF9000E90E68 /* Colors.swift */,
			);
			path = Other;
			sourceTree = "<group>";
		};
		5AF5B156222A393E00715AA6 /* Model */ = {
			isa = PBXGroup;
			children = (
				5AF5B14D2229764700715AA6 /* UniverseGenerator.swift */,
				5AF5B157222A396B00715AA6 /* Market.swift */,
			);
			path = Model;
			sourceTree = "<group>";
		};
		5AF5B161222A4BC400715AA6 /* Enums */ = {
			isa = PBXGroup;
			children = (
				5AF5B15F222A482A00715AA6 /* ResourceType.swift */,
				5AF5B15D222A467800715AA6 /* TechLevel.swift */,
				5AF5B168222A5E4300715AA6 /* Resources.swift */,
				5AF5B15B222A463100715AA6 /* Difficulty.swift */,
				5AF5B159222A450300715AA6 /* ShipType.swift */,
				5AF5B162222A536100715AA6 /* Event.swift */,
				5AF5B16E222CC38900715AA6 /* MarketFailure.swift */,
				5AF5B164222A53B500715AA6 /* Condition.swift */,
			);
			path = Enums;
			sourceTree = "<group>";
		};
/* End PBXGroup section */

/* Begin PBXNativeTarget section */
		5A0AD8E0221CDD0C00E90E68 /* SpaceTraderIOS */ = {
			isa = PBXNativeTarget;
			buildConfigurationList = 5A0AD8FE221CDD1200E90E68 /* Build configuration list for PBXNativeTarget "SpaceTraderIOS" */;
			buildPhases = (
				5A0AD8DD221CDD0C00E90E68 /* Sources */,
				5A0AD8DE221CDD0C00E90E68 /* Frameworks */,
				5A0AD8DF221CDD0C00E90E68 /* Resources */,
			);
			buildRules = (
			);
			dependencies = (
			);
			name = SpaceTraderIOS;
			productName = SpaceTraderIOS;
			productReference = 5A0AD8E1221CDD0C00E90E68 /* SpaceTraderIOS.app */;
			productType = "com.apple.product-type.application";
		};
		5A0AD8F4221CDD1200E90E68 /* SpaceTraderIOSTests */ = {
			isa = PBXNativeTarget;
			buildConfigurationList = 5A0AD901221CDD1200E90E68 /* Build configuration list for PBXNativeTarget "SpaceTraderIOSTests" */;
			buildPhases = (
				5A0AD8F1221CDD1200E90E68 /* Sources */,
				5A0AD8F2221CDD1200E90E68 /* Frameworks */,
				5A0AD8F3221CDD1200E90E68 /* Resources */,
			);
			buildRules = (
			);
			dependencies = (
				5A0AD8F7221CDD1200E90E68 /* PBXTargetDependency */,
			);
			name = SpaceTraderIOSTests;
			productName = SpaceTraderIOSTests;
			productReference = 5A0AD8F5221CDD1200E90E68 /* SpaceTraderIOSTests.xctest */;
			productType = "com.apple.product-type.bundle.unit-test";
		};
/* End PBXNativeTarget section */

/* Begin PBXProject section */
		5A0AD8D9221CDD0C00E90E68 /* Project object */ = {
			isa = PBXProject;
			attributes = {
				LastSwiftUpdateCheck = 1010;
				LastUpgradeCheck = 1010;
				ORGANIZATIONNAME = HackstreetBoys;
				TargetAttributes = {
					5A0AD8E0221CDD0C00E90E68 = {
						CreatedOnToolsVersion = 10.1;
					};
					5A0AD8F4221CDD1200E90E68 = {
						CreatedOnToolsVersion = 10.1;
						TestTargetID = 5A0AD8E0221CDD0C00E90E68;
					};
				};
			};
			buildConfigurationList = 5A0AD8DC221CDD0C00E90E68 /* Build configuration list for PBXProject "SpaceTraderIOS" */;
			compatibilityVersion = "Xcode 9.3";
			developmentRegion = en;
			hasScannedForEncodings = 0;
			knownRegions = (
				en,
				Base,
			);
			mainGroup = 5A0AD8D8221CDD0C00E90E68;
			productRefGroup = 5A0AD8E2221CDD0C00E90E68 /* Products */;
			projectDirPath = "";
			projectRoot = "";
			targets = (
				5A0AD8E0221CDD0C00E90E68 /* SpaceTraderIOS */,
				5A0AD8F4221CDD1200E90E68 /* SpaceTraderIOSTests */,
			);
		};
/* End PBXProject section */

/* Begin PBXResourcesBuildPhase section */
		5A0AD8DF221CDD0C00E90E68 /* Resources */ = {
			isa = PBXResourcesBuildPhase;
			buildActionMask = 2147483647;
			files = (
				5A0AD911221E91FE00E90E68 /* Constants.json in Resources */,
				5A0AD8EF221CDD1200E90E68 /* LaunchScreen.storyboard in Resources */,
				5A0AD8EC221CDD1200E90E68 /* Assets.xcassets in Resources */,
				5A0AD8EA221CDD0C00E90E68 /* Main.storyboard in Resources */,
			);
			runOnlyForDeploymentPostprocessing = 0;
		};
		5A0AD8F3221CDD1200E90E68 /* Resources */ = {
			isa = PBXResourcesBuildPhase;
			buildActionMask = 2147483647;
			files = (
			);
			runOnlyForDeploymentPostprocessing = 0;
		};
/* End PBXResourcesBuildPhase section */

/* Begin PBXSourcesBuildPhase section */
		5A0AD8DD221CDD0C00E90E68 /* Sources */ = {
			isa = PBXSourcesBuildPhase;
			buildActionMask = 2147483647;
			files = (
				5A0AD8E7221CDD0C00E90E68 /* ViewController.swift in Sources */,
				5A0AD905221CDF9000E90E68 /* Colors.swift in Sources */,
				5A0AD90F221E745600E90E68 /* Universe.swift in Sources */,
				5AF5B167222A5B1C00715AA6 /* Resource.swift in Sources */,
				5A0AD90B221E706400E90E68 /* SolarSystem.swift in Sources */,
				5AF5B163222A536100715AA6 /* Event.swift in Sources */,
				5A0AD91722222A5600E90E68 /* UIKitExtensions.swift in Sources */,
				5A0AD8E5221CDD0C00E90E68 /* AppDelegate.swift in Sources */,
				5AF5B1522229BDA800715AA6 /* MarketVC.swift in Sources */,
				5AF5B16D222C8BED00715AA6 /* Ship.swift in Sources */,
				5A0AD91922222B6300E90E68 /* SeededGenerator.swift in Sources */,
				5A0AD90D221E706F00E90E68 /* Planet.swift in Sources */,
				5A0AD913221F280500E90E68 /* Coordinates.swift in Sources */,
				5AF5B150222986BD00715AA6 /* PlanetVC.swift in Sources */,
				5A0AD909221D493300E90E68 /* Player.swift in Sources */,
				5AF5B169222A5E4300715AA6 /* Resources.swift in Sources */,
				5AF5B14E2229764700715AA6 /* UniverseGenerator.swift in Sources */,
				5AF5B16B222C87B300715AA6 /* MarketGood.swift in Sources */,
				5AF5B165222A53B500715AA6 /* Condition.swift in Sources */,
				5A0AD907221CE55900E90E68 /* PlayerConfigVC.swift in Sources */,
				5AF5B16F222CC38900715AA6 /* MarketFailure.swift in Sources */,
				5AF5B15C222A463100715AA6 /* Difficulty.swift in Sources */,
				5AF5B160222A482A00715AA6 /* ResourceType.swift in Sources */,
				5AF5B158222A396B00715AA6 /* Market.swift in Sources */,
				5AF5B15E222A467800715AA6 /* TechLevel.swift in Sources */,
				5AF5B15A222A450300715AA6 /* ShipType.swift in Sources */,
			);
			runOnlyForDeploymentPostprocessing = 0;
		};
		5A0AD8F1221CDD1200E90E68 /* Sources */ = {
			isa = PBXSourcesBuildPhase;
			buildActionMask = 2147483647;
			files = (
				5A0AD8FA221CDD1200E90E68 /* SpaceTraderIOSTests.swift in Sources */,
			);
			runOnlyForDeploymentPostprocessing = 0;
		};
/* End PBXSourcesBuildPhase section */

/* Begin PBXTargetDependency section */
		5A0AD8F7221CDD1200E90E68 /* PBXTargetDependency */ = {
			isa = PBXTargetDependency;
			target = 5A0AD8E0221CDD0C00E90E68 /* SpaceTraderIOS */;
			targetProxy = 5A0AD8F6221CDD1200E90E68 /* PBXContainerItemProxy */;
		};
/* End PBXTargetDependency section */

/* Begin PBXVariantGroup section */
		5A0AD8E8221CDD0C00E90E68 /* Main.storyboard */ = {
			isa = PBXVariantGroup;
			children = (
				5A0AD8E9221CDD0C00E90E68 /* Base */,
			);
			name = Main.storyboard;
			sourceTree = "<group>";
		};
		5A0AD8ED221CDD1200E90E68 /* LaunchScreen.storyboard */ = {
			isa = PBXVariantGroup;
			children = (
				5A0AD8EE221CDD1200E90E68 /* Base */,
			);
			name = LaunchScreen.storyboard;
			sourceTree = "<group>";
		};
/* End PBXVariantGroup section */

/* Begin XCBuildConfiguration section */
		5A0AD8FC221CDD1200E90E68 /* Debug */ = {
			isa = XCBuildConfiguration;
			buildSettings = {
				ALWAYS_SEARCH_USER_PATHS = NO;
				CLANG_ANALYZER_NONNULL = YES;
				CLANG_ANALYZER_NUMBER_OBJECT_CONVERSION = YES_AGGRESSIVE;
				CLANG_CXX_LANGUAGE_STANDARD = "gnu++14";
				CLANG_CXX_LIBRARY = "libc++";
				CLANG_ENABLE_MODULES = YES;
				CLANG_ENABLE_OBJC_ARC = YES;
				CLANG_ENABLE_OBJC_WEAK = YES;
				CLANG_WARN_BLOCK_CAPTURE_AUTORELEASING = YES;
				CLANG_WARN_BOOL_CONVERSION = YES;
				CLANG_WARN_COMMA = YES;
				CLANG_WARN_CONSTANT_CONVERSION = YES;
				CLANG_WARN_DEPRECATED_OBJC_IMPLEMENTATIONS = YES;
				CLANG_WARN_DIRECT_OBJC_ISA_USAGE = YES_ERROR;
				CLANG_WARN_DOCUMENTATION_COMMENTS = YES;
				CLANG_WARN_EMPTY_BODY = YES;
				CLANG_WARN_ENUM_CONVERSION = YES;
				CLANG_WARN_INFINITE_RECURSION = YES;
				CLANG_WARN_INT_CONVERSION = YES;
				CLANG_WARN_NON_LITERAL_NULL_CONVERSION = YES;
				CLANG_WARN_OBJC_IMPLICIT_RETAIN_SELF = YES;
				CLANG_WARN_OBJC_LITERAL_CONVERSION = YES;
				CLANG_WARN_OBJC_ROOT_CLASS = YES_ERROR;
				CLANG_WARN_RANGE_LOOP_ANALYSIS = YES;
				CLANG_WARN_STRICT_PROTOTYPES = YES;
				CLANG_WARN_SUSPICIOUS_MOVE = YES;
				CLANG_WARN_UNGUARDED_AVAILABILITY = YES_AGGRESSIVE;
				CLANG_WARN_UNREACHABLE_CODE = YES;
				CLANG_WARN__DUPLICATE_METHOD_MATCH = YES;
				CODE_SIGN_IDENTITY = "iPhone Developer";
				COPY_PHASE_STRIP = NO;
				DEBUG_INFORMATION_FORMAT = dwarf;
				ENABLE_STRICT_OBJC_MSGSEND = YES;
				ENABLE_TESTABILITY = YES;
				GCC_C_LANGUAGE_STANDARD = gnu11;
				GCC_DYNAMIC_NO_PIC = NO;
				GCC_NO_COMMON_BLOCKS = YES;
				GCC_OPTIMIZATION_LEVEL = 0;
				GCC_PREPROCESSOR_DEFINITIONS = (
					"DEBUG=1",
					"$(inherited)",
				);
				GCC_WARN_64_TO_32_BIT_CONVERSION = YES;
				GCC_WARN_ABOUT_RETURN_TYPE = YES_ERROR;
				GCC_WARN_UNDECLARED_SELECTOR = YES;
				GCC_WARN_UNINITIALIZED_AUTOS = YES_AGGRESSIVE;
				GCC_WARN_UNUSED_FUNCTION = YES;
				GCC_WARN_UNUSED_VARIABLE = YES;
				IPHONEOS_DEPLOYMENT_TARGET = 12.1;
				MTL_ENABLE_DEBUG_INFO = INCLUDE_SOURCE;
				MTL_FAST_MATH = YES;
				ONLY_ACTIVE_ARCH = YES;
				SDKROOT = iphoneos;
				SWIFT_ACTIVE_COMPILATION_CONDITIONS = DEBUG;
				SWIFT_OPTIMIZATION_LEVEL = "-Onone";
			};
			name = Debug;
		};
		5A0AD8FD221CDD1200E90E68 /* Release */ = {
			isa = XCBuildConfiguration;
			buildSettings = {
				ALWAYS_SEARCH_USER_PATHS = NO;
				CLANG_ANALYZER_NONNULL = YES;
				CLANG_ANALYZER_NUMBER_OBJECT_CONVERSION = YES_AGGRESSIVE;
				CLANG_CXX_LANGUAGE_STANDARD = "gnu++14";
				CLANG_CXX_LIBRARY = "libc++";
				CLANG_ENABLE_MODULES = YES;
				CLANG_ENABLE_OBJC_ARC = YES;
				CLANG_ENABLE_OBJC_WEAK = YES;
				CLANG_WARN_BLOCK_CAPTURE_AUTORELEASING = YES;
				CLANG_WARN_BOOL_CONVERSION = YES;
				CLANG_WARN_COMMA = YES;
				CLANG_WARN_CONSTANT_CONVERSION = YES;
				CLANG_WARN_DEPRECATED_OBJC_IMPLEMENTATIONS = YES;
				CLANG_WARN_DIRECT_OBJC_ISA_USAGE = YES_ERROR;
				CLANG_WARN_DOCUMENTATION_COMMENTS = YES;
				CLANG_WARN_EMPTY_BODY = YES;
				CLANG_WARN_ENUM_CONVERSION = YES;
				CLANG_WARN_INFINITE_RECURSION = YES;
				CLANG_WARN_INT_CONVERSION = YES;
				CLANG_WARN_NON_LITERAL_NULL_CONVERSION = YES;
				CLANG_WARN_OBJC_IMPLICIT_RETAIN_SELF = YES;
				CLANG_WARN_OBJC_LITERAL_CONVERSION = YES;
				CLANG_WARN_OBJC_ROOT_CLASS = YES_ERROR;
				CLANG_WARN_RANGE_LOOP_ANALYSIS = YES;
				CLANG_WARN_STRICT_PROTOTYPES = YES;
				CLANG_WARN_SUSPICIOUS_MOVE = YES;
				CLANG_WARN_UNGUARDED_AVAILABILITY = YES_AGGRESSIVE;
				CLANG_WARN_UNREACHABLE_CODE = YES;
				CLANG_WARN__DUPLICATE_METHOD_MATCH = YES;
				CODE_SIGN_IDENTITY = "iPhone Developer";
				COPY_PHASE_STRIP = NO;
				DEBUG_INFORMATION_FORMAT = "dwarf-with-dsym";
				ENABLE_NS_ASSERTIONS = NO;
				ENABLE_STRICT_OBJC_MSGSEND = YES;
				GCC_C_LANGUAGE_STANDARD = gnu11;
				GCC_NO_COMMON_BLOCKS = YES;
				GCC_WARN_64_TO_32_BIT_CONVERSION = YES;
				GCC_WARN_ABOUT_RETURN_TYPE = YES_ERROR;
				GCC_WARN_UNDECLARED_SELECTOR = YES;
				GCC_WARN_UNINITIALIZED_AUTOS = YES_AGGRESSIVE;
				GCC_WARN_UNUSED_FUNCTION = YES;
				GCC_WARN_UNUSED_VARIABLE = YES;
				IPHONEOS_DEPLOYMENT_TARGET = 12.1;
				MTL_ENABLE_DEBUG_INFO = NO;
				MTL_FAST_MATH = YES;
				SDKROOT = iphoneos;
				SWIFT_COMPILATION_MODE = wholemodule;
				SWIFT_OPTIMIZATION_LEVEL = "-O";
				VALIDATE_PRODUCT = YES;
			};
			name = Release;
		};
		5A0AD8FF221CDD1200E90E68 /* Debug */ = {
			isa = XCBuildConfiguration;
			buildSettings = {
				ASSETCATALOG_COMPILER_APPICON_NAME = AppIcon;
				CODE_SIGN_STYLE = Automatic;
				DEVELOPMENT_TEAM = TY9FL99MB7;
				INFOPLIST_FILE = SpaceTraderIOS/Info.plist;
				LD_RUNPATH_SEARCH_PATHS = (
					"$(inherited)",
					"@executable_path/Frameworks",
				);
				PRODUCT_BUNDLE_IDENTIFIER = edu.gatech.cs2340.SpaceTraderIOS;
				PRODUCT_NAME = "$(TARGET_NAME)";
				SWIFT_VERSION = 4.2;
				TARGETED_DEVICE_FAMILY = "1,2";
			};
			name = Debug;
		};
		5A0AD900221CDD1200E90E68 /* Release */ = {
			isa = XCBuildConfiguration;
			buildSettings = {
				ASSETCATALOG_COMPILER_APPICON_NAME = AppIcon;
				CODE_SIGN_STYLE = Automatic;
				DEVELOPMENT_TEAM = TY9FL99MB7;
				INFOPLIST_FILE = SpaceTraderIOS/Info.plist;
				LD_RUNPATH_SEARCH_PATHS = (
					"$(inherited)",
					"@executable_path/Frameworks",
				);
				PRODUCT_BUNDLE_IDENTIFIER = edu.gatech.cs2340.SpaceTraderIOS;
				PRODUCT_NAME = "$(TARGET_NAME)";
				SWIFT_VERSION = 4.2;
				TARGETED_DEVICE_FAMILY = "1,2";
			};
			name = Release;
		};
		5A0AD902221CDD1200E90E68 /* Debug */ = {
			isa = XCBuildConfiguration;
			buildSettings = {
				ALWAYS_EMBED_SWIFT_STANDARD_LIBRARIES = YES;
				BUNDLE_LOADER = "$(TEST_HOST)";
				CODE_SIGN_STYLE = Automatic;
				DEVELOPMENT_TEAM = TY9FL99MB7;
				INFOPLIST_FILE = SpaceTraderIOSTests/Info.plist;
				LD_RUNPATH_SEARCH_PATHS = (
					"$(inherited)",
					"@executable_path/Frameworks",
					"@loader_path/Frameworks",
				);
				PRODUCT_BUNDLE_IDENTIFIER = edu.gatech.cs2340.SpaceTraderIOSTests;
				PRODUCT_NAME = "$(TARGET_NAME)";
				SWIFT_VERSION = 4.2;
				TARGETED_DEVICE_FAMILY = "1,2";
				TEST_HOST = "$(BUILT_PRODUCTS_DIR)/SpaceTraderIOS.app/SpaceTraderIOS";
			};
			name = Debug;
		};
		5A0AD903221CDD1200E90E68 /* Release */ = {
			isa = XCBuildConfiguration;
			buildSettings = {
				ALWAYS_EMBED_SWIFT_STANDARD_LIBRARIES = YES;
				BUNDLE_LOADER = "$(TEST_HOST)";
				CODE_SIGN_STYLE = Automatic;
				DEVELOPMENT_TEAM = TY9FL99MB7;
				INFOPLIST_FILE = SpaceTraderIOSTests/Info.plist;
				LD_RUNPATH_SEARCH_PATHS = (
					"$(inherited)",
					"@executable_path/Frameworks",
					"@loader_path/Frameworks",
				);
				PRODUCT_BUNDLE_IDENTIFIER = edu.gatech.cs2340.SpaceTraderIOSTests;
				PRODUCT_NAME = "$(TARGET_NAME)";
				SWIFT_VERSION = 4.2;
				TARGETED_DEVICE_FAMILY = "1,2";
				TEST_HOST = "$(BUILT_PRODUCTS_DIR)/SpaceTraderIOS.app/SpaceTraderIOS";
			};
			name = Release;
		};
/* End XCBuildConfiguration section */

/* Begin XCConfigurationList section */
		5A0AD8DC221CDD0C00E90E68 /* Build configuration list for PBXProject "SpaceTraderIOS" */ = {
			isa = XCConfigurationList;
			buildConfigurations = (
				5A0AD8FC221CDD1200E90E68 /* Debug */,
				5A0AD8FD221CDD1200E90E68 /* Release */,
			);
			defaultConfigurationIsVisible = 0;
			defaultConfigurationName = Release;
		};
		5A0AD8FE221CDD1200E90E68 /* Build configuration list for PBXNativeTarget "SpaceTraderIOS" */ = {
			isa = XCConfigurationList;
			buildConfigurations = (
				5A0AD8FF221CDD1200E90E68 /* Debug */,
				5A0AD900221CDD1200E90E68 /* Release */,
			);
			defaultConfigurationIsVisible = 0;
			defaultConfigurationName = Release;
		};
		5A0AD901221CDD1200E90E68 /* Build configuration list for PBXNativeTarget "SpaceTraderIOSTests" */ = {
			isa = XCConfigurationList;
			buildConfigurations = (
				5A0AD902221CDD1200E90E68 /* Debug */,
				5A0AD903221CDD1200E90E68 /* Release */,
			);
			defaultConfigurationIsVisible = 0;
			defaultConfigurationName = Release;
		};
/* End XCConfigurationList section */
	};
	rootObject = 5A0AD8D9221CDD0C00E90E68 /* Project object */;
}
